// !$*UTF8*$!
{
	archiveVersion = 1;
	classes = {
	};
	objectVersion = 50;
	objects = {

/* Begin PBXBuildFile section */
		2074C9E90742A41CC57A69D1 /* Pods_Speakn.framework in Frameworks */ = {isa = PBXBuildFile; fileRef = AEB6FCC2ADFEE7B96F10B112 /* Pods_Speakn.framework */; };
		BA57C3EB2229C3B700700891 /* Ubuntu-L.ttf in Resources */ = {isa = PBXBuildFile; fileRef = BA57C3EA2229C3B700700891 /* Ubuntu-L.ttf */; };
		BA57C3EE2229DB0300700891 /* First_Page_VC.swift in Sources */ = {isa = PBXBuildFile; fileRef = BA57C3ED2229DB0300700891 /* First_Page_VC.swift */; };
		BA57C3F12229E19A00700891 /* Dropbox_File_Browser_VC.swift in Sources */ = {isa = PBXBuildFile; fileRef = BA57C3F02229E19A00700891 /* Dropbox_File_Browser_VC.swift */; };
		BA6D68F9222A1B8700E32191 /* Dropbox_Object.swift in Sources */ = {isa = PBXBuildFile; fileRef = BA6D68F8222A1B8700E32191 /* Dropbox_Object.swift */; };
		BA6D68FB222A1E2D00E32191 /* Dropbox_File_Browser.swift in Sources */ = {isa = PBXBuildFile; fileRef = BA6D68FA222A1E2D00E32191 /* Dropbox_File_Browser.swift */; };
		BA96A8B42229C0D500D3CCC9 /* AppDelegate.swift in Sources */ = {isa = PBXBuildFile; fileRef = BA96A8B32229C0D500D3CCC9 /* AppDelegate.swift */; };
		BA96A8B92229C0D500D3CCC9 /* Main.storyboard in Resources */ = {isa = PBXBuildFile; fileRef = BA96A8B72229C0D500D3CCC9 /* Main.storyboard */; };
		BA96A8BB2229C0D600D3CCC9 /* Assets.xcassets in Resources */ = {isa = PBXBuildFile; fileRef = BA96A8BA2229C0D600D3CCC9 /* Assets.xcassets */; };
		BA96A8BE2229C0D600D3CCC9 /* LaunchScreen.storyboard in Resources */ = {isa = PBXBuildFile; fileRef = BA96A8BC2229C0D600D3CCC9 /* LaunchScreen.storyboard */; };
/* End PBXBuildFile section */

/* Begin PBXFileReference section */
		36CBC10359A3A451030CB198 /* Pods-Speakn.debug.xcconfig */ = {isa = PBXFileReference; includeInIndex = 1; lastKnownFileType = text.xcconfig; name = "Pods-Speakn.debug.xcconfig"; path = "Pods/Target Support Files/Pods-Speakn/Pods-Speakn.debug.xcconfig"; sourceTree = "<group>"; };
		AEB6FCC2ADFEE7B96F10B112 /* Pods_Speakn.framework */ = {isa = PBXFileReference; explicitFileType = wrapper.framework; includeInIndex = 0; path = Pods_Speakn.framework; sourceTree = BUILT_PRODUCTS_DIR; };
		BA57C3EA2229C3B700700891 /* Ubuntu-L.ttf */ = {isa = PBXFileReference; lastKnownFileType = file; path = "Ubuntu-L.ttf"; sourceTree = "<group>"; };
		BA57C3ED2229DB0300700891 /* First_Page_VC.swift */ = {isa = PBXFileReference; lastKnownFileType = sourcecode.swift; path = First_Page_VC.swift; sourceTree = "<group>"; };
		BA57C3F02229E19A00700891 /* Dropbox_File_Browser_VC.swift */ = {isa = PBXFileReference; lastKnownFileType = sourcecode.swift; path = Dropbox_File_Browser_VC.swift; sourceTree = "<group>"; };
		BA6D68F8222A1B8700E32191 /* Dropbox_Object.swift */ = {isa = PBXFileReference; lastKnownFileType = sourcecode.swift; path = Dropbox_Object.swift; sourceTree = "<group>"; };
		BA6D68FA222A1E2D00E32191 /* Dropbox_File_Browser.swift */ = {isa = PBXFileReference; lastKnownFileType = sourcecode.swift; path = Dropbox_File_Browser.swift; sourceTree = "<group>"; };
		BA96A8B02229C0D500D3CCC9 /* Speakn.app */ = {isa = PBXFileReference; explicitFileType = wrapper.application; includeInIndex = 0; path = Speakn.app; sourceTree = BUILT_PRODUCTS_DIR; };
		BA96A8B32229C0D500D3CCC9 /* AppDelegate.swift */ = {isa = PBXFileReference; lastKnownFileType = sourcecode.swift; path = AppDelegate.swift; sourceTree = "<group>"; };
		BA96A8B82229C0D500D3CCC9 /* Base */ = {isa = PBXFileReference; lastKnownFileType = file.storyboard; name = Base; path = Base.lproj/Main.storyboard; sourceTree = "<group>"; };
		BA96A8BA2229C0D600D3CCC9 /* Assets.xcassets */ = {isa = PBXFileReference; lastKnownFileType = folder.assetcatalog; path = Assets.xcassets; sourceTree = "<group>"; };
		BA96A8BD2229C0D600D3CCC9 /* Base */ = {isa = PBXFileReference; lastKnownFileType = file.storyboard; name = Base; path = Base.lproj/LaunchScreen.storyboard; sourceTree = "<group>"; };
		BA96A8BF2229C0D600D3CCC9 /* Info.plist */ = {isa = PBXFileReference; lastKnownFileType = text.plist.xml; path = Info.plist; sourceTree = "<group>"; };
		D9F25C5D33CF82C3B88109DA /* Pods-Speakn.release.xcconfig */ = {isa = PBXFileReference; includeInIndex = 1; lastKnownFileType = text.xcconfig; name = "Pods-Speakn.release.xcconfig"; path = "Pods/Target Support Files/Pods-Speakn/Pods-Speakn.release.xcconfig"; sourceTree = "<group>"; };
/* End PBXFileReference section */

/* Begin PBXFrameworksBuildPhase section */
		BA96A8AD2229C0D500D3CCC9 /* Frameworks */ = {
			isa = PBXFrameworksBuildPhase;
			buildActionMask = 2147483647;
			files = (
				2074C9E90742A41CC57A69D1 /* Pods_Speakn.framework in Frameworks */,
			);
			runOnlyForDeploymentPostprocessing = 0;
		};
/* End PBXFrameworksBuildPhase section */

/* Begin PBXGroup section */
		8D85F5739A0F15720A16CFD6 /* Pods */ = {
			isa = PBXGroup;
			children = (
				36CBC10359A3A451030CB198 /* Pods-Speakn.debug.xcconfig */,
				D9F25C5D33CF82C3B88109DA /* Pods-Speakn.release.xcconfig */,
			);
			name = Pods;
			sourceTree = "<group>";
		};
		A32A6128EC2A33D7BCE6F4F0 /* Frameworks */ = {
			isa = PBXGroup;
			children = (
				AEB6FCC2ADFEE7B96F10B112 /* Pods_Speakn.framework */,
			);
			name = Frameworks;
			sourceTree = "<group>";
		};
		BA57C3EC2229C3BC00700891 /* App_Fonts */ = {
			isa = PBXGroup;
			children = (
				BA57C3EA2229C3B700700891 /* Ubuntu-L.ttf */,
			);
			path = App_Fonts;
			sourceTree = "<group>";
		};
		BA57C3EF2229DB0800700891 /* Controllers */ = {
			isa = PBXGroup;
			children = (
				BA57C3ED2229DB0300700891 /* First_Page_VC.swift */,
				BA57C3F02229E19A00700891 /* Dropbox_File_Browser_VC.swift */,
			);
			path = Controllers;
			sourceTree = "<group>";
		};
		BA57C3F22229EF6900700891 /* API_Info */ = {
			isa = PBXGroup;
			children = (
			);
			path = API_Info;
			sourceTree = "<group>";
		};
		BA6D68F6222A1B1500E32191 /* Models */ = {
			isa = PBXGroup;
			children = (
				BA6D68F7222A1B1C00E32191 /* Dropbox_File_Browser_Models */,
			);
			path = Models;
			sourceTree = "<group>";
		};
		BA6D68F7222A1B1C00E32191 /* Dropbox_File_Browser_Models */ = {
			isa = PBXGroup;
			children = (
				BA6D68F8222A1B8700E32191 /* Dropbox_Object.swift */,
				BA6D68FA222A1E2D00E32191 /* Dropbox_File_Browser.swift */,
			);
			path = Dropbox_File_Browser_Models;
			sourceTree = "<group>";
		};
		BA96A8A72229C0D400D3CCC9 = {
			isa = PBXGroup;
			children = (
				BA96A8B22229C0D500D3CCC9 /* Speakn */,
				BA96A8B12229C0D500D3CCC9 /* Products */,
				8D85F5739A0F15720A16CFD6 /* Pods */,
				A32A6128EC2A33D7BCE6F4F0 /* Frameworks */,
			);
			sourceTree = "<group>";
		};
		BA96A8B12229C0D500D3CCC9 /* Products */ = {
			isa = PBXGroup;
			children = (
				BA96A8B02229C0D500D3CCC9 /* Speakn.app */,
			);
			name = Products;
			sourceTree = "<group>";
		};
		BA96A8B22229C0D500D3CCC9 /* Speakn */ = {
			isa = PBXGroup;
			children = (
				BA6D68F6222A1B1500E32191 /* Models */,
				BA57C3F22229EF6900700891 /* API_Info */,
				BA57C3EC2229C3BC00700891 /* App_Fonts */,
				BA96A8B32229C0D500D3CCC9 /* AppDelegate.swift */,
				BA96A8B72229C0D500D3CCC9 /* Main.storyboard */,
				BA96A8BA2229C0D600D3CCC9 /* Assets.xcassets */,
				BA96A8BC2229C0D600D3CCC9 /* LaunchScreen.storyboard */,
				BA96A8BF2229C0D600D3CCC9 /* Info.plist */,
				BA57C3EF2229DB0800700891 /* Controllers */,
			);
			path = Speakn;
			sourceTree = "<group>";
		};
/* End PBXGroup section */

/* Begin PBXNativeTarget section */
		BA96A8AF2229C0D500D3CCC9 /* Speakn */ = {
			isa = PBXNativeTarget;
			buildConfigurationList = BA96A8C22229C0D600D3CCC9 /* Build configuration list for PBXNativeTarget "Speakn" */;
			buildPhases = (
				C71DA5562D17B1618EFA664E /* [CP] Check Pods Manifest.lock */,
				BA96A8AC2229C0D500D3CCC9 /* Sources */,
				BA96A8AD2229C0D500D3CCC9 /* Frameworks */,
				BA96A8AE2229C0D500D3CCC9 /* Resources */,
				F0E51BBB59FB86413333B501 /* [CP] Embed Pods Frameworks */,
			);
			buildRules = (
			);
			dependencies = (
			);
			name = Speakn;
			productName = Speakn;
			productReference = BA96A8B02229C0D500D3CCC9 /* Speakn.app */;
			productType = "com.apple.product-type.application";
		};
/* End PBXNativeTarget section */

/* Begin PBXProject section */
		BA96A8A82229C0D400D3CCC9 /* Project object */ = {
			isa = PBXProject;
			attributes = {
				LastSwiftUpdateCheck = 1010;
				LastUpgradeCheck = 1010;
				ORGANIZATIONNAME = "Sergio Rosendo";
				TargetAttributes = {
					BA96A8AF2229C0D500D3CCC9 = {
						CreatedOnToolsVersion = 10.1;
					};
				};
			};
			buildConfigurationList = BA96A8AB2229C0D400D3CCC9 /* Build configuration list for PBXProject "Speakn" */;
			compatibilityVersion = "Xcode 9.3";
			developmentRegion = en;
			hasScannedForEncodings = 0;
			knownRegions = (
				en,
				Base,
			);
			mainGroup = BA96A8A72229C0D400D3CCC9;
			productRefGroup = BA96A8B12229C0D500D3CCC9 /* Products */;
			projectDirPath = "";
			projectRoot = "";
			targets = (
				BA96A8AF2229C0D500D3CCC9 /* Speakn */,
			);
		};
/* End PBXProject section */

/* Begin PBXResourcesBuildPhase section */
		BA96A8AE2229C0D500D3CCC9 /* Resources */ = {
			isa = PBXResourcesBuildPhase;
			buildActionMask = 2147483647;
			files = (
				BA57C3EB2229C3B700700891 /* Ubuntu-L.ttf in Resources */,
				BA96A8BE2229C0D600D3CCC9 /* LaunchScreen.storyboard in Resources */,
				BA96A8BB2229C0D600D3CCC9 /* Assets.xcassets in Resources */,
				BA96A8B92229C0D500D3CCC9 /* Main.storyboard in Resources */,
			);
			runOnlyForDeploymentPostprocessing = 0;
		};
/* End PBXResourcesBuildPhase section */

/* Begin PBXShellScriptBuildPhase section */
		C71DA5562D17B1618EFA664E /* [CP] Check Pods Manifest.lock */ = {
			isa = PBXShellScriptBuildPhase;
			buildActionMask = 2147483647;
			files = (
			);
			inputFileListPaths = (
			);
			inputPaths = (
				"${PODS_PODFILE_DIR_PATH}/Podfile.lock",
				"${PODS_ROOT}/Manifest.lock",
			);
			name = "[CP] Check Pods Manifest.lock";
			outputFileListPaths = (
			);
			outputPaths = (
				"$(DERIVED_FILE_DIR)/Pods-Speakn-checkManifestLockResult.txt",
			);
			runOnlyForDeploymentPostprocessing = 0;
			shellPath = /bin/sh;
			shellScript = "diff \"${PODS_PODFILE_DIR_PATH}/Podfile.lock\" \"${PODS_ROOT}/Manifest.lock\" > /dev/null\nif [ $? != 0 ] ; then\n    # print error to STDERR\n    echo \"error: The sandbox is not in sync with the Podfile.lock. Run 'pod install' or update your CocoaPods installation.\" >&2\n    exit 1\nfi\n# This output is used by Xcode 'outputs' to avoid re-running this script phase.\necho \"SUCCESS\" > \"${SCRIPT_OUTPUT_FILE_0}\"\n";
			showEnvVarsInLog = 0;
		};
		F0E51BBB59FB86413333B501 /* [CP] Embed Pods Frameworks */ = {
			isa = PBXShellScriptBuildPhase;
			buildActionMask = 2147483647;
			files = (
			);
			inputFileListPaths = (
			);
			inputPaths = (
				"${SRCROOT}/Pods/Target Support Files/Pods-Speakn/Pods-Speakn-frameworks.sh",
				"${BUILT_PRODUCTS_DIR}/Alamofire/Alamofire.framework",
				"${BUILT_PRODUCTS_DIR}/SwiftyDropbox/SwiftyDropbox.framework",
			);
			name = "[CP] Embed Pods Frameworks";
			outputFileListPaths = (
			);
			outputPaths = (
				"${TARGET_BUILD_DIR}/${FRAMEWORKS_FOLDER_PATH}/Alamofire.framework",
				"${TARGET_BUILD_DIR}/${FRAMEWORKS_FOLDER_PATH}/SwiftyDropbox.framework",
			);
			runOnlyForDeploymentPostprocessing = 0;
			shellPath = /bin/sh;
			shellScript = "\"${SRCROOT}/Pods/Target Support Files/Pods-Speakn/Pods-Speakn-frameworks.sh\"\n";
			showEnvVarsInLog = 0;
		};
/* End PBXShellScriptBuildPhase section */

/* Begin PBXSourcesBuildPhase section */
		BA96A8AC2229C0D500D3CCC9 /* Sources */ = {
			isa = PBXSourcesBuildPhase;
			buildActionMask = 2147483647;
			files = (
				BA57C3F12229E19A00700891 /* Dropbox_File_Browser_VC.swift in Sources */,
				BA6D68FB222A1E2D00E32191 /* Dropbox_File_Browser.swift in Sources */,
				BA57C3EE2229DB0300700891 /* First_Page_VC.swift in Sources */,
				BA96A8B42229C0D500D3CCC9 /* AppDelegate.swift in Sources */,
				BA6D68F9222A1B8700E32191 /* Dropbox_Object.swift in Sources */,
			);
			runOnlyForDeploymentPostprocessing = 0;
		};
/* End PBXSourcesBuildPhase section */

/* Begin PBXVariantGroup section */
		BA96A8B72229C0D500D3CCC9 /* Main.storyboard */ = {
			isa = PBXVariantGroup;
			children = (
				BA96A8B82229C0D500D3CCC9 /* Base */,
			);
			name = Main.storyboard;
			sourceTree = "<group>";
		};
		BA96A8BC2229C0D600D3CCC9 /* LaunchScreen.storyboard */ = {
			isa = PBXVariantGroup;
			children = (
				BA96A8BD2229C0D600D3CCC9 /* Base */,
			);
			name = LaunchScreen.storyboard;
			sourceTree = "<group>";
		};
/* End PBXVariantGroup section */

/* Begin XCBuildConfiguration section */
		BA96A8C02229C0D600D3CCC9 /* Debug */ = {
			isa = XCBuildConfiguration;
			buildSettings = {
				ALWAYS_SEARCH_USER_PATHS = NO;
				CLANG_ANALYZER_NONNULL = YES;
				CLANG_ANALYZER_NUMBER_OBJECT_CONVERSION = YES_AGGRESSIVE;
				CLANG_CXX_LANGUAGE_STANDARD = "gnu++14";
				CLANG_CXX_LIBRARY = "libc++";
				CLANG_ENABLE_MODULES = YES;
				CLANG_ENABLE_OBJC_ARC = YES;
				CLANG_ENABLE_OBJC_WEAK = YES;
				CLANG_WARN_BLOCK_CAPTURE_AUTORELEASING = YES;
				CLANG_WARN_BOOL_CONVERSION = YES;
				CLANG_WARN_COMMA = YES;
				CLANG_WARN_CONSTANT_CONVERSION = YES;
				CLANG_WARN_DEPRECATED_OBJC_IMPLEMENTATIONS = YES;
				CLANG_WARN_DIRECT_OBJC_ISA_USAGE = YES_ERROR;
				CLANG_WARN_DOCUMENTATION_COMMENTS = YES;
				CLANG_WARN_EMPTY_BODY = YES;
				CLANG_WARN_ENUM_CONVERSION = YES;
				CLANG_WARN_INFINITE_RECURSION = YES;
				CLANG_WARN_INT_CONVERSION = YES;
				CLANG_WARN_NON_LITERAL_NULL_CONVERSION = YES;
				CLANG_WARN_OBJC_IMPLICIT_RETAIN_SELF = YES;
				CLANG_WARN_OBJC_LITERAL_CONVERSION = YES;
				CLANG_WARN_OBJC_ROOT_CLASS = YES_ERROR;
				CLANG_WARN_RANGE_LOOP_ANALYSIS = YES;
				CLANG_WARN_STRICT_PROTOTYPES = YES;
				CLANG_WARN_SUSPICIOUS_MOVE = YES;
				CLANG_WARN_UNGUARDED_AVAILABILITY = YES_AGGRESSIVE;
				CLANG_WARN_UNREACHABLE_CODE = YES;
				CLANG_WARN__DUPLICATE_METHOD_MATCH = YES;
				CODE_SIGN_IDENTITY = "iPhone Developer";
				COPY_PHASE_STRIP = NO;
				DEBUG_INFORMATION_FORMAT = dwarf;
				ENABLE_STRICT_OBJC_MSGSEND = YES;
				ENABLE_TESTABILITY = YES;
				GCC_C_LANGUAGE_STANDARD = gnu11;
				GCC_DYNAMIC_NO_PIC = NO;
				GCC_NO_COMMON_BLOCKS = YES;
				GCC_OPTIMIZATION_LEVEL = 0;
				GCC_PREPROCESSOR_DEFINITIONS = (
					"DEBUG=1",
					"$(inherited)",
				);
				GCC_WARN_64_TO_32_BIT_CONVERSION = YES;
				GCC_WARN_ABOUT_RETURN_TYPE = YES_ERROR;
				GCC_WARN_UNDECLARED_SELECTOR = YES;
				GCC_WARN_UNINITIALIZED_AUTOS = YES_AGGRESSIVE;
				GCC_WARN_UNUSED_FUNCTION = YES;
				GCC_WARN_UNUSED_VARIABLE = YES;
				IPHONEOS_DEPLOYMENT_TARGET = 12.1;
				MTL_ENABLE_DEBUG_INFO = INCLUDE_SOURCE;
				MTL_FAST_MATH = YES;
				ONLY_ACTIVE_ARCH = YES;
				SDKROOT = iphoneos;
				SWIFT_ACTIVE_COMPILATION_CONDITIONS = DEBUG;
				SWIFT_OPTIMIZATION_LEVEL = "-Onone";
			};
			name = Debug;
		};
		BA96A8C12229C0D600D3CCC9 /* Release */ = {
			isa = XCBuildConfiguration;
			buildSettings = {
				ALWAYS_SEARCH_USER_PATHS = NO;
				CLANG_ANALYZER_NONNULL = YES;
				CLANG_ANALYZER_NUMBER_OBJECT_CONVERSION = YES_AGGRESSIVE;
				CLANG_CXX_LANGUAGE_STANDARD = "gnu++14";
				CLANG_CXX_LIBRARY = "libc++";
				CLANG_ENABLE_MODULES = YES;
				CLANG_ENABLE_OBJC_ARC = YES;
				CLANG_ENABLE_OBJC_WEAK = YES;
				CLANG_WARN_BLOCK_CAPTURE_AUTORELEASING = YES;
				CLANG_WARN_BOOL_CONVERSION = YES;
				CLANG_WARN_COMMA = YES;
				CLANG_WARN_CONSTANT_CONVERSION = YES;
				CLANG_WARN_DEPRECATED_OBJC_IMPLEMENTATIONS = YES;
				CLANG_WARN_DIRECT_OBJC_ISA_USAGE = YES_ERROR;
				CLANG_WARN_DOCUMENTATION_COMMENTS = YES;
				CLANG_WARN_EMPTY_BODY = YES;
				CLANG_WARN_ENUM_CONVERSION = YES;
				CLANG_WARN_INFINITE_RECURSION = YES;
				CLANG_WARN_INT_CONVERSION = YES;
				CLANG_WARN_NON_LITERAL_NULL_CONVERSION = YES;
				CLANG_WARN_OBJC_IMPLICIT_RETAIN_SELF = YES;
				CLANG_WARN_OBJC_LITERAL_CONVERSION = YES;
				CLANG_WARN_OBJC_ROOT_CLASS = YES_ERROR;
				CLANG_WARN_RANGE_LOOP_ANALYSIS = YES;
				CLANG_WARN_STRICT_PROTOTYPES = YES;
				CLANG_WARN_SUSPICIOUS_MOVE = YES;
				CLANG_WARN_UNGUARDED_AVAILABILITY = YES_AGGRESSIVE;
				CLANG_WARN_UNREACHABLE_CODE = YES;
				CLANG_WARN__DUPLICATE_METHOD_MATCH = YES;
				CODE_SIGN_IDENTITY = "iPhone Developer";
				COPY_PHASE_STRIP = NO;
				DEBUG_INFORMATION_FORMAT = "dwarf-with-dsym";
				ENABLE_NS_ASSERTIONS = NO;
				ENABLE_STRICT_OBJC_MSGSEND = YES;
				GCC_C_LANGUAGE_STANDARD = gnu11;
				GCC_NO_COMMON_BLOCKS = YES;
				GCC_WARN_64_TO_32_BIT_CONVERSION = YES;
				GCC_WARN_ABOUT_RETURN_TYPE = YES_ERROR;
				GCC_WARN_UNDECLARED_SELECTOR = YES;
				GCC_WARN_UNINITIALIZED_AUTOS = YES_AGGRESSIVE;
				GCC_WARN_UNUSED_FUNCTION = YES;
				GCC_WARN_UNUSED_VARIABLE = YES;
				IPHONEOS_DEPLOYMENT_TARGET = 12.1;
				MTL_ENABLE_DEBUG_INFO = NO;
				MTL_FAST_MATH = YES;
				SDKROOT = iphoneos;
				SWIFT_COMPILATION_MODE = wholemodule;
				SWIFT_OPTIMIZATION_LEVEL = "-O";
				VALIDATE_PRODUCT = YES;
			};
			name = Release;
		};
		BA96A8C32229C0D600D3CCC9 /* Debug */ = {
			isa = XCBuildConfiguration;
			baseConfigurationReference = 36CBC10359A3A451030CB198 /* Pods-Speakn.debug.xcconfig */;
			buildSettings = {
				ASSETCATALOG_COMPILER_APPICON_NAME = AppIcon;
				CODE_SIGN_STYLE = Automatic;
				INFOPLIST_FILE = Speakn/Info.plist;
				LD_RUNPATH_SEARCH_PATHS = (
					"$(inherited)",
					"@executable_path/Frameworks",
				);
				PRODUCT_BUNDLE_IDENTIFIER = com.sergiorosendo.Speakn;
				PRODUCT_NAME = "$(TARGET_NAME)";
				SWIFT_VERSION = 4.2;
				TARGETED_DEVICE_FAMILY = "1,2";
			};
			name = Debug;
		};
		BA96A8C42229C0D600D3CCC9 /* Release */ = {
			isa = XCBuildConfiguration;
			baseConfigurationReference = D9F25C5D33CF82C3B88109DA /* Pods-Speakn.release.xcconfig */;
			buildSettings = {
				ASSETCATALOG_COMPILER_APPICON_NAME = AppIcon;
				CODE_SIGN_STYLE = Automatic;
				INFOPLIST_FILE = Speakn/Info.plist;
				LD_RUNPATH_SEARCH_PATHS = (
					"$(inherited)",
					"@executable_path/Frameworks",
				);
				PRODUCT_BUNDLE_IDENTIFIER = com.sergiorosendo.Speakn;
				PRODUCT_NAME = "$(TARGET_NAME)";
				SWIFT_VERSION = 4.2;
				TARGETED_DEVICE_FAMILY = "1,2";
			};
			name = Release;
		};
/* End XCBuildConfiguration section */

/* Begin XCConfigurationList section */
		BA96A8AB2229C0D400D3CCC9 /* Build configuration list for PBXProject "Speakn" */ = {
			isa = XCConfigurationList;
			buildConfigurations = (
				BA96A8C02229C0D600D3CCC9 /* Debug */,
				BA96A8C12229C0D600D3CCC9 /* Release */,
			);
			defaultConfigurationIsVisible = 0;
			defaultConfigurationName = Release;
		};
		BA96A8C22229C0D600D3CCC9 /* Build configuration list for PBXNativeTarget "Speakn" */ = {
			isa = XCConfigurationList;
			buildConfigurations = (
				BA96A8C32229C0D600D3CCC9 /* Debug */,
				BA96A8C42229C0D600D3CCC9 /* Release */,
			);
			defaultConfigurationIsVisible = 0;
			defaultConfigurationName = Release;
		};
/* End XCConfigurationList section */
	};
	rootObject = BA96A8A82229C0D400D3CCC9 /* Project object */;
}
